
Microsoft Visual Studio Solution File, Format Version 12.00
# Visual Studio 2013
VisualStudioVersion = 12.0.31101.0
MinimumVisualStudioVersion = 10.0.40219.1
Project("{FAE04EC0-301F-11D3-BF4B-00C04F79EFBC}") = "Narrative", "Narrative\Narrative.csproj", "{66B4345B-EC85-4377-A863-F97A55105BBA}"
EndProject
Global
	GlobalSection(SolutionConfigurationPlatforms) = preSolution
		Debug|Any CPU = Debug|Any CPU
		Release.Net45|Any CPU = Release.Net45|Any CPU
		Release.Net451|Any CPU = Release.Net451|Any CPU
		Release|Any CPU = Release|Any CPU
	EndGlobalSection
	GlobalSection(ProjectConfigurationPlatforms) = postSolution
		{66B4345B-EC85-4377-A863-F97A55105BBA}.Debug|Any CPU.ActiveCfg = Debug|Any CPU
		{66B4345B-EC85-4377-A863-F97A55105BBA}.Debug|Any CPU.Build.0 = Debug|Any CPU
		{66B4345B-EC85-4377-A863-F97A55105BBA}.Release.Net45|Any CPU.ActiveCfg = Release 4.5|Any CPU
		{66B4345B-EC85-4377-A863-F97A55105BBA}.Release.Net45|Any CPU.Build.0 = Release 4.5|Any CPU
		{66B4345B-EC85-4377-A863-F97A55105BBA}.Release.Net451|Any CPU.ActiveCfg = Release|Any CPU
		{66B4345B-EC85-4377-A863-F97A55105BBA}.Release.Net451|Any CPU.Build.0 = Release|Any CPU
		{66B4345B-EC85-4377-A863-F97A55105BBA}.Release|Any CPU.ActiveCfg = Release|Any CPU
		{66B4345B-EC85-4377-A863-F97A55105BBA}.Release|Any CPU.Build.0 = Release|Any CPU
	EndGlobalSection
	GlobalSection(SolutionProperties) = preSolution
		HideSolutionNode = FALSE
	EndGlobalSection
EndGlobal
